
Microsoft Visual Studio Solution File, Format Version 12.00
# Visual Studio Version 17
VisualStudioVersion = 17.9.34622.214
MinimumVisualStudioVersion = 10.0.40219.1
Project("{FAE04EC0-301F-11D3-BF4B-00C04F79EFBC}") = "ClubMembershipApplication", "ClubMembershipApplication\ClubMembershipApplication.csproj", "{313E774C-679E-45BB-862B-5FFABE98D1FE}"
EndProject
Project("{FAE04EC0-301F-11D3-BF4B-00C04F79EFBC}") = "FieldValidatorsAPI", "FieldValidatorsAPI\FieldValidatorsAPI.csproj", "{A57DDE1F-1408-4D92-B720-2AD14DF5F8AF}"
EndProject
Global
	GlobalSection(SolutionConfigurationPlatforms) = preSolution
		Debug|Any CPU = Debug|Any CPU
		Release|Any CPU = Release|Any CPU
	EndGlobalSection
	GlobalSection(ProjectConfigurationPlatforms) = postSolution
		{313E774C-679E-45BB-862B-5FFABE98D1FE}.Debug|Any CPU.ActiveCfg = Debug|Any CPU
		{313E774C-679E-45BB-862B-5FFABE98D1FE}.Debug|Any CPU.Build.0 = Debug|Any CPU
		{313E774C-679E-45BB-862B-5FFABE98D1FE}.Release|Any CPU.ActiveCfg = Release|Any CPU
		{313E774C-679E-45BB-862B-5FFABE98D1FE}.Release|Any CPU.Build.0 = Release|Any CPU
		{A57DDE1F-1408-4D92-B720-2AD14DF5F8AF}.Debug|Any CPU.ActiveCfg = Debug|Any CPU
		{A57DDE1F-1408-4D92-B720-2AD14DF5F8AF}.Debug|Any CPU.Build.0 = Debug|Any CPU
		{A57DDE1F-1408-4D92-B720-2AD14DF5F8AF}.Release|Any CPU.ActiveCfg = Release|Any CPU
		{A57DDE1F-1408-4D92-B720-2AD14DF5F8AF}.Release|Any CPU.Build.0 = Release|Any CPU
	EndGlobalSection
	GlobalSection(SolutionProperties) = preSolution
		HideSolutionNode = FALSE
	EndGlobalSection
	GlobalSection(ExtensibilityGlobals) = postSolution
		SolutionGuid = {2C7889BC-F48F-44B7-943D-1E20199B40E8}
	EndGlobalSection
EndGlobal
